{
  "object": {
    "pins": [
      {
        "package": "url-image",
        "repositoryURL": "https://github.com/dmytro-anokhin/url-image.git",
        "state": {
          "branch": null,
          "revision": "cedfdb207dcba2aec1229f3e2053bb93460a4244",
          "version": "2.1.9"
        }
      }
    ]
  },
  "version": 1
}
